// !$*UTF8*$!
{
	archiveVersion = 1;
	classes = {
	};
	objectVersion = 55;
	objects = {

/* Begin PBXBuildFile section */
		8332E614274A2E5A009A5D21 /* Tests_iOS.swift in Sources */ = {isa = PBXBuildFile; fileRef = 8332E613274A2E5A009A5D21 /* Tests_iOS.swift */; };
		8332E616274A2E5A009A5D21 /* Tests_iOSLaunchTests.swift in Sources */ = {isa = PBXBuildFile; fileRef = 8332E615274A2E5A009A5D21 /* Tests_iOSLaunchTests.swift */; };
		8332E620274A2E5A009A5D21 /* Tests_macOS.swift in Sources */ = {isa = PBXBuildFile; fileRef = 8332E61F274A2E5A009A5D21 /* Tests_macOS.swift */; };
		8332E622274A2E5A009A5D21 /* Tests_macOSLaunchTests.swift in Sources */ = {isa = PBXBuildFile; fileRef = 8332E621274A2E5A009A5D21 /* Tests_macOSLaunchTests.swift */; };
		8332E623274A2E5A009A5D21 /* SimpleTestApp.swift in Sources */ = {isa = PBXBuildFile; fileRef = 8332E5FB274A2E59009A5D21 /* SimpleTestApp.swift */; };
		8332E624274A2E5A009A5D21 /* SimpleTestApp.swift in Sources */ = {isa = PBXBuildFile; fileRef = 8332E5FB274A2E59009A5D21 /* SimpleTestApp.swift */; };
		8332E625274A2E5A009A5D21 /* ContentView.swift in Sources */ = {isa = PBXBuildFile; fileRef = 8332E5FC274A2E59009A5D21 /* ContentView.swift */; };
		8332E626274A2E5A009A5D21 /* ContentView.swift in Sources */ = {isa = PBXBuildFile; fileRef = 8332E5FC274A2E59009A5D21 /* ContentView.swift */; };
		8332E627274A2E5A009A5D21 /* Assets.xcassets in Resources */ = {isa = PBXBuildFile; fileRef = 8332E5FD274A2E5A009A5D21 /* Assets.xcassets */; };
		8332E628274A2E5A009A5D21 /* Assets.xcassets in Resources */ = {isa = PBXBuildFile; fileRef = 8332E5FD274A2E5A009A5D21 /* Assets.xcassets */; };
/* End PBXBuildFile section */

/* Begin PBXContainerItemProxy section */
		8332E610274A2E5A009A5D21 /* PBXContainerItemProxy */ = {
			isa = PBXContainerItemProxy;
			containerPortal = 8332E5F6274A2E59009A5D21 /* Project object */;
			proxyType = 1;
			remoteGlobalIDString = 8332E601274A2E5A009A5D21;
			remoteInfo = "SimpleTest (iOS)";
		};
		8332E61C274A2E5A009A5D21 /* PBXContainerItemProxy */ = {
			isa = PBXContainerItemProxy;
			containerPortal = 8332E5F6274A2E59009A5D21 /* Project object */;
			proxyType = 1;
			remoteGlobalIDString = 8332E607274A2E5A009A5D21;
			remoteInfo = "SimpleTest (macOS)";
		};
/* End PBXContainerItemProxy section */

/* Begin PBXFileReference section */
		8332E5FB274A2E59009A5D21 /* SimpleTestApp.swift */ = {isa = PBXFileReference; lastKnownFileType = sourcecode.swift; path = SimpleTestApp.swift; sourceTree = "<group>"; };
		8332E5FC274A2E59009A5D21 /* ContentView.swift */ = {isa = PBXFileReference; lastKnownFileType = sourcecode.swift; path = ContentView.swift; sourceTree = "<group>"; };
		8332E5FD274A2E5A009A5D21 /* Assets.xcassets */ = {isa = PBXFileReference; lastKnownFileType = folder.assetcatalog; path = Assets.xcassets; sourceTree = "<group>"; };
		8332E602274A2E5A009A5D21 /* SimpleTest.app */ = {isa = PBXFileReference; explicitFileType = wrapper.application; includeInIndex = 0; path = SimpleTest.app; sourceTree = BUILT_PRODUCTS_DIR; };
		8332E608274A2E5A009A5D21 /* SimpleTest.app */ = {isa = PBXFileReference; explicitFileType = wrapper.application; includeInIndex = 0; path = SimpleTest.app; sourceTree = BUILT_PRODUCTS_DIR; };
		8332E60A274A2E5A009A5D21 /* macOS.entitlements */ = {isa = PBXFileReference; lastKnownFileType = text.plist.entitlements; path = macOS.entitlements; sourceTree = "<group>"; };
		8332E60F274A2E5A009A5D21 /* Tests iOS.xctest */ = {isa = PBXFileReference; explicitFileType = wrapper.cfbundle; includeInIndex = 0; path = "Tests iOS.xctest"; sourceTree = BUILT_PRODUCTS_DIR; };
		8332E613274A2E5A009A5D21 /* Tests_iOS.swift */ = {isa = PBXFileReference; lastKnownFileType = sourcecode.swift; path = Tests_iOS.swift; sourceTree = "<group>"; };
		8332E615274A2E5A009A5D21 /* Tests_iOSLaunchTests.swift */ = {isa = PBXFileReference; lastKnownFileType = sourcecode.swift; path = Tests_iOSLaunchTests.swift; sourceTree = "<group>"; };
		8332E61B274A2E5A009A5D21 /* Tests macOS.xctest */ = {isa = PBXFileReference; explicitFileType = wrapper.cfbundle; includeInIndex = 0; path = "Tests macOS.xctest"; sourceTree = BUILT_PRODUCTS_DIR; };
		8332E61F274A2E5A009A5D21 /* Tests_macOS.swift */ = {isa = PBXFileReference; lastKnownFileType = sourcecode.swift; path = Tests_macOS.swift; sourceTree = "<group>"; };
		8332E621274A2E5A009A5D21 /* Tests_macOSLaunchTests.swift */ = {isa = PBXFileReference; lastKnownFileType = sourcecode.swift; path = Tests_macOSLaunchTests.swift; sourceTree = "<group>"; };
/* End PBXFileReference section */

/* Begin PBXFrameworksBuildPhase section */
		8332E5FF274A2E5A009A5D21 /* Frameworks */ = {
			isa = PBXFrameworksBuildPhase;
			buildActionMask = 2147483647;
			files = (
			);
			runOnlyForDeploymentPostprocessing = 0;
		};
		8332E605274A2E5A009A5D21 /* Frameworks */ = {
			isa = PBXFrameworksBuildPhase;
			buildActionMask = 2147483647;
			files = (
			);
			runOnlyForDeploymentPostprocessing = 0;
		};
		8332E60C274A2E5A009A5D21 /* Frameworks */ = {
			isa = PBXFrameworksBuildPhase;
			buildActionMask = 2147483647;
			files = (
			);
			runOnlyForDeploymentPostprocessing = 0;
		};
		8332E618274A2E5A009A5D21 /* Frameworks */ = {
			isa = PBXFrameworksBuildPhase;
			buildActionMask = 2147483647;
			files = (
			);
			runOnlyForDeploymentPostprocessing = 0;
		};
/* End PBXFrameworksBuildPhase section */

/* Begin PBXGroup section */
		8332E5F5274A2E59009A5D21 = {
			isa = PBXGroup;
			children = (
				8332E5FA274A2E59009A5D21 /* Shared */,
				8332E609274A2E5A009A5D21 /* macOS */,
				8332E612274A2E5A009A5D21 /* Tests iOS */,
				8332E61E274A2E5A009A5D21 /* Tests macOS */,
				8332E603274A2E5A009A5D21 /* Products */,
			);
			sourceTree = "<group>";
		};
		8332E5FA274A2E59009A5D21 /* Shared */ = {
			isa = PBXGroup;
			children = (
				8332E5FB274A2E59009A5D21 /* SimpleTestApp.swift */,
				8332E5FC274A2E59009A5D21 /* ContentView.swift */,
				8332E5FD274A2E5A009A5D21 /* Assets.xcassets */,
			);
			path = Shared;
			sourceTree = "<group>";
		};
		8332E603274A2E5A009A5D21 /* Products */ = {
			isa = PBXGroup;
			children = (
				8332E602274A2E5A009A5D21 /* SimpleTest.app */,
				8332E608274A2E5A009A5D21 /* SimpleTest.app */,
				8332E60F274A2E5A009A5D21 /* Tests iOS.xctest */,
				8332E61B274A2E5A009A5D21 /* Tests macOS.xctest */,
			);
			name = Products;
			sourceTree = "<group>";
		};
		8332E609274A2E5A009A5D21 /* macOS */ = {
			isa = PBXGroup;
			children = (
				8332E60A274A2E5A009A5D21 /* macOS.entitlements */,
			);
			path = macOS;
			sourceTree = "<group>";
		};
		8332E612274A2E5A009A5D21 /* Tests iOS */ = {
			isa = PBXGroup;
			children = (
				8332E613274A2E5A009A5D21 /* Tests_iOS.swift */,
				8332E615274A2E5A009A5D21 /* Tests_iOSLaunchTests.swift */,
			);
			path = "Tests iOS";
			sourceTree = "<group>";
		};
		8332E61E274A2E5A009A5D21 /* Tests macOS */ = {
			isa = PBXGroup;
			children = (
				8332E61F274A2E5A009A5D21 /* Tests_macOS.swift */,
				8332E621274A2E5A009A5D21 /* Tests_macOSLaunchTests.swift */,
			);
			path = "Tests macOS";
			sourceTree = "<group>";
		};
/* End PBXGroup section */

/* Begin PBXNativeTarget section */
		8332E601274A2E5A009A5D21 /* SimpleTest (iOS) */ = {
			isa = PBXNativeTarget;
			buildConfigurationList = 8332E62B274A2E5A009A5D21 /* Build configuration list for PBXNativeTarget "SimpleTest (iOS)" */;
			buildPhases = (
				8332E5FE274A2E5A009A5D21 /* Sources */,
				8332E5FF274A2E5A009A5D21 /* Frameworks */,
				8332E600274A2E5A009A5D21 /* Resources */,
			);
			buildRules = (
			);
			dependencies = (
			);
			name = "SimpleTest (iOS)";
			productName = "SimpleTest (iOS)";
			productReference = 8332E602274A2E5A009A5D21 /* SimpleTest.app */;
			productType = "com.apple.product-type.application";
		};
		8332E607274A2E5A009A5D21 /* SimpleTest (macOS) */ = {
			isa = PBXNativeTarget;
			buildConfigurationList = 8332E62E274A2E5A009A5D21 /* Build configuration list for PBXNativeTarget "SimpleTest (macOS)" */;
			buildPhases = (
				8332E604274A2E5A009A5D21 /* Sources */,
				8332E605274A2E5A009A5D21 /* Frameworks */,
				8332E606274A2E5A009A5D21 /* Resources */,
			);
			buildRules = (
			);
			dependencies = (
			);
			name = "SimpleTest (macOS)";
			productName = "SimpleTest (macOS)";
			productReference = 8332E608274A2E5A009A5D21 /* SimpleTest.app */;
			productType = "com.apple.product-type.application";
		};
		8332E60E274A2E5A009A5D21 /* Tests iOS */ = {
			isa = PBXNativeTarget;
			buildConfigurationList = 8332E631274A2E5A009A5D21 /* Build configuration list for PBXNativeTarget "Tests iOS" */;
			buildPhases = (
				8332E60B274A2E5A009A5D21 /* Sources */,
				8332E60C274A2E5A009A5D21 /* Frameworks */,
				8332E60D274A2E5A009A5D21 /* Resources */,
			);
			buildRules = (
			);
			dependencies = (
				8332E611274A2E5A009A5D21 /* PBXTargetDependency */,
			);
			name = "Tests iOS";
			productName = "Tests iOS";
			productReference = 8332E60F274A2E5A009A5D21 /* Tests iOS.xctest */;
			productType = "com.apple.product-type.bundle.ui-testing";
		};
		8332E61A274A2E5A009A5D21 /* Tests macOS */ = {
			isa = PBXNativeTarget;
			buildConfigurationList = 8332E634274A2E5A009A5D21 /* Build configuration list for PBXNativeTarget "Tests macOS" */;
			buildPhases = (
				8332E617274A2E5A009A5D21 /* Sources */,
				8332E618274A2E5A009A5D21 /* Frameworks */,
				8332E619274A2E5A009A5D21 /* Resources */,
			);
			buildRules = (
			);
			dependencies = (
				8332E61D274A2E5A009A5D21 /* PBXTargetDependency */,
			);
			name = "Tests macOS";
			productName = "Tests macOS";
			productReference = 8332E61B274A2E5A009A5D21 /* Tests macOS.xctest */;
			productType = "com.apple.product-type.bundle.ui-testing";
		};
/* End PBXNativeTarget section */

/* Begin PBXProject section */
		8332E5F6274A2E59009A5D21 /* Project object */ = {
			isa = PBXProject;
			attributes = {
				BuildIndependentTargetsInParallel = 1;
				LastSwiftUpdateCheck = 1310;
				LastUpgradeCheck = 1310;
				TargetAttributes = {
					8332E601274A2E5A009A5D21 = {
						CreatedOnToolsVersion = 13.1;
					};
					8332E607274A2E5A009A5D21 = {
						CreatedOnToolsVersion = 13.1;
					};
					8332E60E274A2E5A009A5D21 = {
						CreatedOnToolsVersion = 13.1;
						TestTargetID = 8332E601274A2E5A009A5D21;
					};
					8332E61A274A2E5A009A5D21 = {
						CreatedOnToolsVersion = 13.1;
						TestTargetID = 8332E607274A2E5A009A5D21;
					};
				};
			};
			buildConfigurationList = 8332E5F9274A2E59009A5D21 /* Build configuration list for PBXProject "SimpleTest" */;
			compatibilityVersion = "Xcode 13.0";
			developmentRegion = en;
			hasScannedForEncodings = 0;
			knownRegions = (
				en,
				Base,
			);
			mainGroup = 8332E5F5274A2E59009A5D21;
			productRefGroup = 8332E603274A2E5A009A5D21 /* Products */;
			projectDirPath = "";
			projectRoot = "";
			targets = (
				8332E601274A2E5A009A5D21 /* SimpleTest (iOS) */,
				8332E607274A2E5A009A5D21 /* SimpleTest (macOS) */,
				8332E60E274A2E5A009A5D21 /* Tests iOS */,
				8332E61A274A2E5A009A5D21 /* Tests macOS */,
			);
		};
/* End PBXProject section */

/* Begin PBXResourcesBuildPhase section */
		8332E600274A2E5A009A5D21 /* Resources */ = {
			isa = PBXResourcesBuildPhase;
			buildActionMask = 2147483647;
			files = (
				8332E627274A2E5A009A5D21 /* Assets.xcassets in Resources */,
			);
			runOnlyForDeploymentPostprocessing = 0;
		};
		8332E606274A2E5A009A5D21 /* Resources */ = {
			isa = PBXResourcesBuildPhase;
			buildActionMask = 2147483647;
			files = (
				8332E628274A2E5A009A5D21 /* Assets.xcassets in Resources */,
			);
			runOnlyForDeploymentPostprocessing = 0;
		};
		8332E60D274A2E5A009A5D21 /* Resources */ = {
			isa = PBXResourcesBuildPhase;
			buildActionMask = 2147483647;
			files = (
			);
			runOnlyForDeploymentPostprocessing = 0;
		};
		8332E619274A2E5A009A5D21 /* Resources */ = {
			isa = PBXResourcesBuildPhase;
			buildActionMask = 2147483647;
			files = (
			);
			runOnlyForDeploymentPostprocessing = 0;
		};
/* End PBXResourcesBuildPhase section */

/* Begin PBXSourcesBuildPhase section */
		8332E5FE274A2E5A009A5D21 /* Sources */ = {
			isa = PBXSourcesBuildPhase;
			buildActionMask = 2147483647;
			files = (
				8332E625274A2E5A009A5D21 /* ContentView.swift in Sources */,
				8332E623274A2E5A009A5D21 /* SimpleTestApp.swift in Sources */,
			);
			runOnlyForDeploymentPostprocessing = 0;
		};
		8332E604274A2E5A009A5D21 /* Sources */ = {
			isa = PBXSourcesBuildPhase;
			buildActionMask = 2147483647;
			files = (
				8332E626274A2E5A009A5D21 /* ContentView.swift in Sources */,
				8332E624274A2E5A009A5D21 /* SimpleTestApp.swift in Sources */,
			);
			runOnlyForDeploymentPostprocessing = 0;
		};
		8332E60B274A2E5A009A5D21 /* Sources */ = {
			isa = PBXSourcesBuildPhase;
			buildActionMask = 2147483647;
			files = (
				8332E616274A2E5A009A5D21 /* Tests_iOSLaunchTests.swift in Sources */,
				8332E614274A2E5A009A5D21 /* Tests_iOS.swift in Sources */,
			);
			runOnlyForDeploymentPostprocessing = 0;
		};
		8332E617274A2E5A009A5D21 /* Sources */ = {
			isa = PBXSourcesBuildPhase;
			buildActionMask = 2147483647;
			files = (
				8332E622274A2E5A009A5D21 /* Tests_macOSLaunchTests.swift in Sources */,
				8332E620274A2E5A009A5D21 /* Tests_macOS.swift in Sources */,
			);
			runOnlyForDeploymentPostprocessing = 0;
		};
/* End PBXSourcesBuildPhase section */

/* Begin PBXTargetDependency section */
		8332E611274A2E5A009A5D21 /* PBXTargetDependency */ = {
			isa = PBXTargetDependency;
			target = 8332E601274A2E5A009A5D21 /* SimpleTest (iOS) */;
			targetProxy = 8332E610274A2E5A009A5D21 /* PBXContainerItemProxy */;
		};
		8332E61D274A2E5A009A5D21 /* PBXTargetDependency */ = {
			isa = PBXTargetDependency;
			target = 8332E607274A2E5A009A5D21 /* SimpleTest (macOS) */;
			targetProxy = 8332E61C274A2E5A009A5D21 /* PBXContainerItemProxy */;
		};
/* End PBXTargetDependency section */

/* Begin XCBuildConfiguration section */
		8332E629274A2E5A009A5D21 /* Debug */ = {
			isa = XCBuildConfiguration;
			buildSettings = {
				ALWAYS_SEARCH_USER_PATHS = NO;
				CLANG_ANALYZER_NONNULL = YES;
				CLANG_ANALYZER_NUMBER_OBJECT_CONVERSION = YES_AGGRESSIVE;
				CLANG_CXX_LANGUAGE_STANDARD = "gnu++17";
				CLANG_CXX_LIBRARY = "libc++";
				CLANG_ENABLE_MODULES = YES;
				CLANG_ENABLE_OBJC_ARC = YES;
				CLANG_ENABLE_OBJC_WEAK = YES;
				CLANG_WARN_BLOCK_CAPTURE_AUTORELEASING = YES;
				CLANG_WARN_BOOL_CONVERSION = YES;
				CLANG_WARN_COMMA = YES;
				CLANG_WARN_CONSTANT_CONVERSION = YES;
				CLANG_WARN_DEPRECATED_OBJC_IMPLEMENTATIONS = YES;
				CLANG_WARN_DIRECT_OBJC_ISA_USAGE = YES_ERROR;
				CLANG_WARN_DOCUMENTATION_COMMENTS = YES;
				CLANG_WARN_EMPTY_BODY = YES;
				CLANG_WARN_ENUM_CONVERSION = YES;
				CLANG_WARN_INFINITE_RECURSION = YES;
				CLANG_WARN_INT_CONVERSION = YES;
				CLANG_WARN_NON_LITERAL_NULL_CONVERSION = YES;
				CLANG_WARN_OBJC_IMPLICIT_RETAIN_SELF = YES;
				CLANG_WARN_OBJC_LITERAL_CONVERSION = YES;
				CLANG_WARN_OBJC_ROOT_CLASS = YES_ERROR;
				CLANG_WARN_QUOTED_INCLUDE_IN_FRAMEWORK_HEADER = YES;
				CLANG_WARN_RANGE_LOOP_ANALYSIS = YES;
				CLANG_WARN_STRICT_PROTOTYPES = YES;
				CLANG_WARN_SUSPICIOUS_MOVE = YES;
				CLANG_WARN_UNGUARDED_AVAILABILITY = YES_AGGRESSIVE;
				CLANG_WARN_UNREACHABLE_CODE = YES;
				CLANG_WARN__DUPLICATE_METHOD_MATCH = YES;
				COPY_PHASE_STRIP = NO;
				DEBUG_INFORMATION_FORMAT = dwarf;
				ENABLE_STRICT_OBJC_MSGSEND = YES;
				ENABLE_TESTABILITY = YES;
				GCC_C_LANGUAGE_STANDARD = gnu11;
				GCC_DYNAMIC_NO_PIC = NO;
				GCC_NO_COMMON_BLOCKS = YES;
				GCC_OPTIMIZATION_LEVEL = 0;
				GCC_PREPROCESSOR_DEFINITIONS = (
					"DEBUG=1",
					"$(inherited)",
				);
				GCC_WARN_64_TO_32_BIT_CONVERSION = YES;
				GCC_WARN_ABOUT_RETURN_TYPE = YES_ERROR;
				GCC_WARN_UNDECLARED_SELECTOR = YES;
				GCC_WARN_UNINITIALIZED_AUTOS = YES_AGGRESSIVE;
				GCC_WARN_UNUSED_FUNCTION = YES;
				GCC_WARN_UNUSED_VARIABLE = YES;
				MTL_ENABLE_DEBUG_INFO = INCLUDE_SOURCE;
				MTL_FAST_MATH = YES;
				ONLY_ACTIVE_ARCH = YES;
				SWIFT_ACTIVE_COMPILATION_CONDITIONS = DEBUG;
				SWIFT_OPTIMIZATION_LEVEL = "-Onone";
			};
			name = Debug;
		};
		8332E62A274A2E5A009A5D21 /* Release */ = {
			isa = XCBuildConfiguration;
			buildSettings = {
				ALWAYS_SEARCH_USER_PATHS = NO;
				CLANG_ANALYZER_NONNULL = YES;
				CLANG_ANALYZER_NUMBER_OBJECT_CONVERSION = YES_AGGRESSIVE;
				CLANG_CXX_LANGUAGE_STANDARD = "gnu++17";
				CLANG_CXX_LIBRARY = "libc++";
				CLANG_ENABLE_MODULES = YES;
				CLANG_ENABLE_OBJC_ARC = YES;
				CLANG_ENABLE_OBJC_WEAK = YES;
				CLANG_WARN_BLOCK_CAPTURE_AUTORELEASING = YES;
				CLANG_WARN_BOOL_CONVERSION = YES;
				CLANG_WARN_COMMA = YES;
				CLANG_WARN_CONSTANT_CONVERSION = YES;
				CLANG_WARN_DEPRECATED_OBJC_IMPLEMENTATIONS = YES;
				CLANG_WARN_DIRECT_OBJC_ISA_USAGE = YES_ERROR;
				CLANG_WARN_DOCUMENTATION_COMMENTS = YES;
				CLANG_WARN_EMPTY_BODY = YES;
				CLANG_WARN_ENUM_CONVERSION = YES;
				CLANG_WARN_INFINITE_RECURSION = YES;
				CLANG_WARN_INT_CONVERSION = YES;
				CLANG_WARN_NON_LITERAL_NULL_CONVERSION = YES;
				CLANG_WARN_OBJC_IMPLICIT_RETAIN_SELF = YES;
				CLANG_WARN_OBJC_LITERAL_CONVERSION = YES;
				CLANG_WARN_OBJC_ROOT_CLASS = YES_ERROR;
				CLANG_WARN_QUOTED_INCLUDE_IN_FRAMEWORK_HEADER = YES;
				CLANG_WARN_RANGE_LOOP_ANALYSIS = YES;
				CLANG_WARN_STRICT_PROTOTYPES = YES;
				CLANG_WARN_SUSPICIOUS_MOVE = YES;
				CLANG_WARN_UNGUARDED_AVAILABILITY = YES_AGGRESSIVE;
				CLANG_WARN_UNREACHABLE_CODE = YES;
				CLANG_WARN__DUPLICATE_METHOD_MATCH = YES;
				COPY_PHASE_STRIP = NO;
				DEBUG_INFORMATION_FORMAT = "dwarf-with-dsym";
				ENABLE_NS_ASSERTIONS = NO;
				ENABLE_STRICT_OBJC_MSGSEND = YES;
				GCC_C_LANGUAGE_STANDARD = gnu11;
				GCC_NO_COMMON_BLOCKS = YES;
				GCC_WARN_64_TO_32_BIT_CONVERSION = YES;
				GCC_WARN_ABOUT_RETURN_TYPE = YES_ERROR;
				GCC_WARN_UNDECLARED_SELECTOR = YES;
				GCC_WARN_UNINITIALIZED_AUTOS = YES_AGGRESSIVE;
				GCC_WARN_UNUSED_FUNCTION = YES;
				GCC_WARN_UNUSED_VARIABLE = YES;
				MTL_ENABLE_DEBUG_INFO = NO;
				MTL_FAST_MATH = YES;
				SWIFT_COMPILATION_MODE = wholemodule;
				SWIFT_OPTIMIZATION_LEVEL = "-O";
			};
			name = Release;
		};
		8332E62C274A2E5A009A5D21 /* Debug */ = {
			isa = XCBuildConfiguration;
			buildSettings = {
				ASSETCATALOG_COMPILER_APPICON_NAME = AppIcon;
				ASSETCATALOG_COMPILER_GLOBAL_ACCENT_COLOR_NAME = AccentColor;
				CODE_SIGN_STYLE = Automatic;
				CURRENT_PROJECT_VERSION = 1;
				DEVELOPMENT_TEAM = 9WL79K6FTS;
				ENABLE_PREVIEWS = YES;
				GENERATE_INFOPLIST_FILE = YES;
				INFOPLIST_KEY_UIApplicationSceneManifest_Generation = YES;
				INFOPLIST_KEY_UIApplicationSupportsIndirectInputEvents = YES;
				INFOPLIST_KEY_UILaunchScreen_Generation = YES;
				INFOPLIST_KEY_UISupportedInterfaceOrientations_iPad = "UIInterfaceOrientationPortrait UIInterfaceOrientationPortraitUpsideDown UIInterfaceOrientationLandscapeLeft UIInterfaceOrientationLandscapeRight";
				INFOPLIST_KEY_UISupportedInterfaceOrientations_iPhone = "UIInterfaceOrientationPortrait UIInterfaceOrientationLandscapeLeft UIInterfaceOrientationLandscapeRight";
				IPHONEOS_DEPLOYMENT_TARGET = 15.0;
				LD_RUNPATH_SEARCH_PATHS = (
					"$(inherited)",
					"@executable_path/Frameworks",
				);
				MARKETING_VERSION = 1.0;
				PRODUCT_BUNDLE_IDENTIFIER = com.ysm.SimpleTest;
				PRODUCT_NAME = SimpleTest;
				SDKROOT = iphoneos;
				SWIFT_EMIT_LOC_STRINGS = YES;
				SWIFT_VERSION = 5.0;
				TARGETED_DEVICE_FAMILY = "1,2";
			};
			name = Debug;
		};
		8332E62D274A2E5A009A5D21 /* Release */ = {
			isa = XCBuildConfiguration;
			buildSettings = {
				ASSETCATALOG_COMPILER_APPICON_NAME = AppIcon;
				ASSETCATALOG_COMPILER_GLOBAL_ACCENT_COLOR_NAME = AccentColor;
				CODE_SIGN_STYLE = Automatic;
				CURRENT_PROJECT_VERSION = 1;
				DEVELOPMENT_TEAM = 9WL79K6FTS;
				ENABLE_PREVIEWS = YES;
				GENERATE_INFOPLIST_FILE = YES;
				INFOPLIST_KEY_UIApplicationSceneManifest_Generation = YES;
				INFOPLIST_KEY_UIApplicationSupportsIndirectInputEvents = YES;
				INFOPLIST_KEY_UILaunchScreen_Generation = YES;
				INFOPLIST_KEY_UISupportedInterfaceOrientations_iPad = "UIInterfaceOrientationPortrait UIInterfaceOrientationPortraitUpsideDown UIInterfaceOrientationLandscapeLeft UIInterfaceOrientationLandscapeRight";
				INFOPLIST_KEY_UISupportedInterfaceOrientations_iPhone = "UIInterfaceOrientationPortrait UIInterfaceOrientationLandscapeLeft UIInterfaceOrientationLandscapeRight";
				IPHONEOS_DEPLOYMENT_TARGET = 15.0;
				LD_RUNPATH_SEARCH_PATHS = (
					"$(inherited)",
					"@executable_path/Frameworks",
				);
				MARKETING_VERSION = 1.0;
				PRODUCT_BUNDLE_IDENTIFIER = com.ysm.SimpleTest;
				PRODUCT_NAME = SimpleTest;
				SDKROOT = iphoneos;
				SWIFT_EMIT_LOC_STRINGS = YES;
				SWIFT_VERSION = 5.0;
				TARGETED_DEVICE_FAMILY = "1,2";
				VALIDATE_PRODUCT = YES;
			};
			name = Release;
		};
		8332E62F274A2E5A009A5D21 /* Debug */ = {
			isa = XCBuildConfiguration;
			buildSettings = {
				ASSETCATALOG_COMPILER_APPICON_NAME = AppIcon;
				ASSETCATALOG_COMPILER_GLOBAL_ACCENT_COLOR_NAME = AccentColor;
				CODE_SIGN_ENTITLEMENTS = macOS/macOS.entitlements;
				CODE_SIGN_STYLE = Automatic;
				COMBINE_HIDPI_IMAGES = YES;
				CURRENT_PROJECT_VERSION = 1;
				DEVELOPMENT_TEAM = 9WL79K6FTS;
				ENABLE_HARDENED_RUNTIME = YES;
				ENABLE_PREVIEWS = YES;
				GENERATE_INFOPLIST_FILE = YES;
				INFOPLIST_KEY_NSHumanReadableCopyright = "";
				LD_RUNPATH_SEARCH_PATHS = (
					"$(inherited)",
					"@executable_path/../Frameworks",
				);
				MACOSX_DEPLOYMENT_TARGET = 12.0;
				MARKETING_VERSION = 1.0;
				PRODUCT_BUNDLE_IDENTIFIER = com.ysm.SimpleTest;
				PRODUCT_NAME = SimpleTest;
				SDKROOT = macosx;
				SWIFT_EMIT_LOC_STRINGS = YES;
				SWIFT_VERSION = 5.0;
			};
			name = Debug;
		};
		8332E630274A2E5A009A5D21 /* Release */ = {
			isa = XCBuildConfiguration;
			buildSettings = {
				ASSETCATALOG_COMPILER_APPICON_NAME = AppIcon;
				ASSETCATALOG_COMPILER_GLOBAL_ACCENT_COLOR_NAME = AccentColor;
				CODE_SIGN_ENTITLEMENTS = macOS/macOS.entitlements;
				CODE_SIGN_STYLE = Automatic;
				COMBINE_HIDPI_IMAGES = YES;
				CURRENT_PROJECT_VERSION = 1;
				DEVELOPMENT_TEAM = 9WL79K6FTS;
				ENABLE_HARDENED_RUNTIME = YES;
				ENABLE_PREVIEWS = YES;
				GENERATE_INFOPLIST_FILE = YES;
				INFOPLIST_KEY_NSHumanReadableCopyright = "";
				LD_RUNPATH_SEARCH_PATHS = (
					"$(inherited)",
					"@executable_path/../Frameworks",
				);
				MACOSX_DEPLOYMENT_TARGET = 12.0;
				MARKETING_VERSION = 1.0;
				PRODUCT_BUNDLE_IDENTIFIER = com.ysm.SimpleTest;
				PRODUCT_NAME = SimpleTest;
				SDKROOT = macosx;
				SWIFT_EMIT_LOC_STRINGS = YES;
				SWIFT_VERSION = 5.0;
			};
			name = Release;
		};
		8332E632274A2E5A009A5D21 /* Debug */ = {
			isa = XCBuildConfiguration;
			buildSettings = {
				ALWAYS_EMBED_SWIFT_STANDARD_LIBRARIES = YES;
				CODE_SIGN_STYLE = Automatic;
				CURRENT_PROJECT_VERSION = 1;
				DEVELOPMENT_TEAM = 9WL79K6FTS;
				GENERATE_INFOPLIST_FILE = YES;
				IPHONEOS_DEPLOYMENT_TARGET = 15.0;
				LD_RUNPATH_SEARCH_PATHS = (
					"$(inherited)",
					"@executable_path/Frameworks",
					"@loader_path/Frameworks",
				);
				MARKETING_VERSION = 1.0;
				PRODUCT_BUNDLE_IDENTIFIER = "com.ysm.Tests-iOS";
				PRODUCT_NAME = "$(TARGET_NAME)";
				SDKROOT = iphoneos;
				SWIFT_EMIT_LOC_STRINGS = NO;
				SWIFT_VERSION = 5.0;
				TARGETED_DEVICE_FAMILY = "1,2";
				TEST_TARGET_NAME = "SimpleTest (iOS)";
			};
			name = Debug;
		};
		8332E633274A2E5A009A5D21 /* Release */ = {
			isa = XCBuildConfiguration;
			buildSettings = {
				ALWAYS_EMBED_SWIFT_STANDARD_LIBRARIES = YES;
				CODE_SIGN_STYLE = Automatic;
				CURRENT_PROJECT_VERSION = 1;
				DEVELOPMENT_TEAM = 9WL79K6FTS;
				GENERATE_INFOPLIST_FILE = YES;
				IPHONEOS_DEPLOYMENT_TARGET = 15.0;
				LD_RUNPATH_SEARCH_PATHS = (
					"$(inherited)",
					"@executable_path/Frameworks",
					"@loader_path/Frameworks",
				);
				MARKETING_VERSION = 1.0;
				PRODUCT_BUNDLE_IDENTIFIER = "com.ysm.Tests-iOS";
				PRODUCT_NAME = "$(TARGET_NAME)";
				SDKROOT = iphoneos;
				SWIFT_EMIT_LOC_STRINGS = NO;
				SWIFT_VERSION = 5.0;
				TARGETED_DEVICE_FAMILY = "1,2";
				TEST_TARGET_NAME = "SimpleTest (iOS)";
				VALIDATE_PRODUCT = YES;
			};
			name = Release;
		};
		8332E635274A2E5A009A5D21 /* Debug */ = {
			isa = XCBuildConfiguration;
			buildSettings = {
				ALWAYS_EMBED_SWIFT_STANDARD_LIBRARIES = YES;
				CODE_SIGN_STYLE = Automatic;
				COMBINE_HIDPI_IMAGES = YES;
				CURRENT_PROJECT_VERSION = 1;
				DEVELOPMENT_TEAM = 9WL79K6FTS;
				GENERATE_INFOPLIST_FILE = YES;
				LD_RUNPATH_SEARCH_PATHS = (
					"$(inherited)",
					"@executable_path/../Frameworks",
					"@loader_path/../Frameworks",
				);
				MACOSX_DEPLOYMENT_TARGET = 12.0;
				MARKETING_VERSION = 1.0;
				PRODUCT_BUNDLE_IDENTIFIER = "com.ysm.Tests-macOS";
				PRODUCT_NAME = "$(TARGET_NAME)";
				SDKROOT = macosx;
				SWIFT_EMIT_LOC_STRINGS = NO;
				SWIFT_VERSION = 5.0;
				TEST_TARGET_NAME = "SimpleTest (macOS)";
			};
			name = Debug;
		};
		8332E636274A2E5A009A5D21 /* Release */ = {
			isa = XCBuildConfiguration;
			buildSettings = {
				ALWAYS_EMBED_SWIFT_STANDARD_LIBRARIES = YES;
				CODE_SIGN_STYLE = Automatic;
				COMBINE_HIDPI_IMAGES = YES;
				CURRENT_PROJECT_VERSION = 1;
				DEVELOPMENT_TEAM = 9WL79K6FTS;
				GENERATE_INFOPLIST_FILE = YES;
				LD_RUNPATH_SEARCH_PATHS = (
					"$(inherited)",
					"@executable_path/../Frameworks",
					"@loader_path/../Frameworks",
				);
				MACOSX_DEPLOYMENT_TARGET = 12.0;
				MARKETING_VERSION = 1.0;
				PRODUCT_BUNDLE_IDENTIFIER = "com.ysm.Tests-macOS";
				PRODUCT_NAME = "$(TARGET_NAME)";
				SDKROOT = macosx;
				SWIFT_EMIT_LOC_STRINGS = NO;
				SWIFT_VERSION = 5.0;
				TEST_TARGET_NAME = "SimpleTest (macOS)";
			};
			name = Release;
		};
/* End XCBuildConfiguration section */

/* Begin XCConfigurationList section */
		8332E5F9274A2E59009A5D21 /* Build configuration list for PBXProject "SimpleTest" */ = {
			isa = XCConfigurationList;
			buildConfigurations = (
				8332E629274A2E5A009A5D21 /* Debug */,
				8332E62A274A2E5A009A5D21 /* Release */,
			);
			defaultConfigurationIsVisible = 0;
			defaultConfigurationName = Release;
		};
		8332E62B274A2E5A009A5D21 /* Build configuration list for PBXNativeTarget "SimpleTest (iOS)" */ = {
			isa = XCConfigurationList;
			buildConfigurations = (
				8332E62C274A2E5A009A5D21 /* Debug */,
				8332E62D274A2E5A009A5D21 /* Release */,
			);
			defaultConfigurationIsVisible = 0;
			defaultConfigurationName = Release;
		};
		8332E62E274A2E5A009A5D21 /* Build configuration list for PBXNativeTarget "SimpleTest (macOS)" */ = {
			isa = XCConfigurationList;
			buildConfigurations = (
				8332E62F274A2E5A009A5D21 /* Debug */,
				8332E630274A2E5A009A5D21 /* Release */,
			);
			defaultConfigurationIsVisible = 0;
			defaultConfigurationName = Release;
		};
		8332E631274A2E5A009A5D21 /* Build configuration list for PBXNativeTarget "Tests iOS" */ = {
			isa = XCConfigurationList;
			buildConfigurations = (
				8332E632274A2E5A009A5D21 /* Debug */,
				8332E633274A2E5A009A5D21 /* Release */,
			);
			defaultConfigurationIsVisible = 0;
			defaultConfigurationName = Release;
		};
		8332E634274A2E5A009A5D21 /* Build configuration list for PBXNativeTarget "Tests macOS" */ = {
			isa = XCConfigurationList;
			buildConfigurations = (
				8332E635274A2E5A009A5D21 /* Debug */,
				8332E636274A2E5A009A5D21 /* Release */,
			);
			defaultConfigurationIsVisible = 0;
			defaultConfigurationName = Release;
		};
/* End XCConfigurationList section */
	};
	rootObject = 8332E5F6274A2E59009A5D21 /* Project object */;
}
